
Microsoft Visual Studio Solution File, Format Version 12.00
# Visual Studio Version 16
VisualStudioVersion = 16.0.29025.244
MinimumVisualStudioVersion = 10.0.40219.1
Project("{FAE04EC0-301F-11D3-BF4B-00C04F79EFBC}") = "DrawRectangle", "DrawRectangle\DrawRectangle.csproj", "{C1BEEFF7-3AA6-4EBD-A462-398EEE6B2064}"
EndProject
Global
	GlobalSection(SolutionConfigurationPlatforms) = preSolution
		Debug|Any CPU = Debug|Any CPU
		Debug|x64 = Debug|x64
		Release|Any CPU = Release|Any CPU
		Release|x64 = Release|x64
	EndGlobalSection
	GlobalSection(ProjectConfigurationPlatforms) = postSolution
		{C1BEEFF7-3AA6-4EBD-A462-398EEE6B2064}.Debug|Any CPU.ActiveCfg = Debug|Any CPU
		{C1BEEFF7-3AA6-4EBD-A462-398EEE6B2064}.Debug|Any CPU.Build.0 = Debug|Any CPU
		{C1BEEFF7-3AA6-4EBD-A462-398EEE6B2064}.Debug|x64.ActiveCfg = Debug|x64
		{C1BEEFF7-3AA6-4EBD-A462-398EEE6B2064}.Debug|x64.Build.0 = Debug|x64
		{C1BEEFF7-3AA6-4EBD-A462-398EEE6B2064}.Release|Any CPU.ActiveCfg = Release|Any CPU
		{C1BEEFF7-3AA6-4EBD-A462-398EEE6B2064}.Release|Any CPU.Build.0 = Release|Any CPU
		{C1BEEFF7-3AA6-4EBD-A462-398EEE6B2064}.Release|x64.ActiveCfg = Release|x64
		{C1BEEFF7-3AA6-4EBD-A462-398EEE6B2064}.Release|x64.Build.0 = Release|x64
	EndGlobalSection
	GlobalSection(SolutionProperties) = preSolution
		HideSolutionNode = FALSE
	EndGlobalSection
	GlobalSection(ExtensibilityGlobals) = postSolution
		SolutionGuid = {6CBFACEC-B118-42E7-ADE3-528E469E8545}
	EndGlobalSection
EndGlobal
